
Microsoft Visual Studio Solution File, Format Version 12.00
# Visual Studio Version 16
VisualStudioVersion = 16.0.30523.141
MinimumVisualStudioVersion = 10.0.40219.1
Project("{FAE04EC0-301F-11D3-BF4B-00C04F79EFBC}") = "ConsoleDemo", "ConsoleDemo\ConsoleDemo.csproj", "{D1ACFABC-78AF-4EAF-9280-B2056A3E734F}"
EndProject
Project("{FAE04EC0-301F-11D3-BF4B-00C04F79EFBC}") = "WpfTreeViewDemo", "WpfTreeViewDemo\WpfTreeViewDemo.csproj", "{8D7B9614-8C22-4516-9A97-4C3743456E89}"
EndProject
Project("{FAE04EC0-301F-11D3-BF4B-00C04F79EFBC}") = "WpfPayDemo", "WpfPayDemo\WpfPayDemo.csproj", "{220A8C35-2C58-4AB5-B6D3-A32574F46070}"
EndProject
Project("{9A19103F-16F7-4668-BE54-9A1E7A4F7556}") = "PagingCustomControl", "PagingCustomControl\PagingCustomControl.csproj", "{2767AECF-6801-4FE8-9A3B-27328DE89320}"
EndProject
Project("{9A19103F-16F7-4668-BE54-9A1E7A4F7556}") = "net5.0_Demo", "net5.0_Demo\net5.0_Demo.csproj", "{8D44C352-D510-48F4-B8A9-523484881C3C}"
EndProject
Project("{FAE04EC0-301F-11D3-BF4B-00C04F79EFBC}") = "StyletStudy", "StyletStudy\StyletStudy.csproj", "{1D9F49B2-7CE2-44C5-8BEB-00C8E61295D2}"
EndProject
Project("{FAE04EC0-301F-11D3-BF4B-00C04F79EFBC}") = "WpfPublicDemo", "WpfPublicDemo\WpfPublicDemo.csproj", "{2A376969-3573-4260-B0C5-9B22A1B06651}"
EndProject
Project("{9A19103F-16F7-4668-BE54-9A1E7A4F7556}") = "代码进阶控制台程序", "代码进阶控制台程序\代码进阶控制台程序.csproj", "{8B77D6FA-53A2-4C9B-BAC0-D2CF10EAA28D}"
EndProject
Project("{FAE04EC0-301F-11D3-BF4B-00C04F79EFBC}") = "WpfStylet", "WpfStylet\WpfStylet.csproj", "{77A419E1-487F-47C3-BCD2-BF89D609F98E}"
EndProject
Project("{9A19103F-16F7-4668-BE54-9A1E7A4F7556}") = "代码练习控制台_20210323", "代码练习控制台_20210323\代码练习控制台_20210323.csproj", "{8C5C4DEE-2299-44A0-A83D-B14DCB6E0125}"
EndProject
Project("{9A19103F-16F7-4668-BE54-9A1E7A4F7556}") = "泛型控制台_20210323", "泛型控制台_20210323\泛型控制台_20210323.csproj", "{B5C090FF-2D19-42FE-B762-D0F5D4139C41}"
EndProject
Project("{FAE04EC0-301F-11D3-BF4B-00C04F79EFBC}") = "Console_20210406", "Console_20210406\Console_20210406.csproj", "{BFA2542B-7E6D-41FF-B30A-431AF9FF1012}"
EndProject
Project("{2150E333-8FDC-42A3-9474-1A3956D46DE8}") = "DynamicTestDictionary", "DynamicTestDictionary", "{8B064682-D6AF-41F9-BF7E-D8D122A649EB}"
EndProject
Project("{FAE04EC0-301F-11D3-BF4B-00C04F79EFBC}") = "DynamicTest - ExpandoObject", "DynamicTestDictionay\DynamicTest - ExpandoObject\DynamicTest - ExpandoObject.csproj", "{C68A4C94-673A-4FF8-BB15-E3349FDD6D0C}"
EndProject
Project("{FAE04EC0-301F-11D3-BF4B-00C04F79EFBC}") = "DynamicTest - json.Net", "DynamicTestDictionay\DynamicTest - json.Net\DynamicTest - json.Net\DynamicTest - json.Net.csproj", "{391C23A7-375C-4270-9FD3-B9CF451A137E}"
EndProject
Project("{FAE04EC0-301F-11D3-BF4B-00C04F79EFBC}") = "DynamicTest - DynamicObject", "DynamicTestDictionay\DynamicTest - DynamicObject\DynamicTest - DynamicObject\DynamicTest - DynamicObject.csproj", "{AF87D5FF-E83E-4889-B77B-E0BB454049E3}"
EndProject
Project("{FAE04EC0-301F-11D3-BF4B-00C04F79EFBC}") = "Console_20210808", "Console_20210808\Console_20210808.csproj", "{D8098593-BBCE-4DC7-BD2B-D8A0314811E6}"
EndProject
Global
	GlobalSection(SolutionConfigurationPlatforms) = preSolution
		Debug|Any CPU = Debug|Any CPU
		Debug|x64 = Debug|x64
		Debug|x86 = Debug|x86
		Release|Any CPU = Release|Any CPU
		Release|x64 = Release|x64
		Release|x86 = Release|x86
	EndGlobalSection
	GlobalSection(ProjectConfigurationPlatforms) = postSolution
		{D1ACFABC-78AF-4EAF-9280-B2056A3E734F}.Debug|Any CPU.ActiveCfg = Debug|Any CPU
		{D1ACFABC-78AF-4EAF-9280-B2056A3E734F}.Debug|Any CPU.Build.0 = Debug|Any CPU
		{D1ACFABC-78AF-4EAF-9280-B2056A3E734F}.Debug|x64.ActiveCfg = Debug|Any CPU
		{D1ACFABC-78AF-4EAF-9280-B2056A3E734F}.Debug|x64.Build.0 = Debug|Any CPU
		{D1ACFABC-78AF-4EAF-9280-B2056A3E734F}.Debug|x86.ActiveCfg = Debug|Any CPU
		{D1ACFABC-78AF-4EAF-9280-B2056A3E734F}.Debug|x86.Build.0 = Debug|Any CPU
		{D1ACFABC-78AF-4EAF-9280-B2056A3E734F}.Release|Any CPU.ActiveCfg = Release|Any CPU
		{D1ACFABC-78AF-4EAF-9280-B2056A3E734F}.Release|Any CPU.Build.0 = Release|Any CPU
		{D1ACFABC-78AF-4EAF-9280-B2056A3E734F}.Release|x64.ActiveCfg = Release|Any CPU
		{D1ACFABC-78AF-4EAF-9280-B2056A3E734F}.Release|x64.Build.0 = Release|Any CPU
		{D1ACFABC-78AF-4EAF-9280-B2056A3E734F}.Release|x86.ActiveCfg = Release|Any CPU
		{D1ACFABC-78AF-4EAF-9280-B2056A3E734F}.Release|x86.Build.0 = Release|Any CPU
		{8D7B9614-8C22-4516-9A97-4C3743456E89}.Debug|Any CPU.ActiveCfg = Debug|Any CPU
		{8D7B9614-8C22-4516-9A97-4C3743456E89}.Debug|Any CPU.Build.0 = Debug|Any CPU
		{8D7B9614-8C22-4516-9A97-4C3743456E89}.Debug|x64.ActiveCfg = Debug|Any CPU
		{8D7B9614-8C22-4516-9A97-4C3743456E89}.Debug|x64.Build.0 = Debug|Any CPU
		{8D7B9614-8C22-4516-9A97-4C3743456E89}.Debug|x86.ActiveCfg = Debug|Any CPU
		{8D7B9614-8C22-4516-9A97-4C3743456E89}.Debug|x86.Build.0 = Debug|Any CPU
		{8D7B9614-8C22-4516-9A97-4C3743456E89}.Release|Any CPU.ActiveCfg = Release|Any CPU
		{8D7B9614-8C22-4516-9A97-4C3743456E89}.Release|Any CPU.Build.0 = Release|Any CPU
		{8D7B9614-8C22-4516-9A97-4C3743456E89}.Release|x64.ActiveCfg = Release|Any CPU
		{8D7B9614-8C22-4516-9A97-4C3743456E89}.Release|x64.Build.0 = Release|Any CPU
		{8D7B9614-8C22-4516-9A97-4C3743456E89}.Release|x86.ActiveCfg = Release|Any CPU
		{8D7B9614-8C22-4516-9A97-4C3743456E89}.Release|x86.Build.0 = Release|Any CPU
		{220A8C35-2C58-4AB5-B6D3-A32574F46070}.Debug|Any CPU.ActiveCfg = Debug|Any CPU
		{220A8C35-2C58-4AB5-B6D3-A32574F46070}.Debug|Any CPU.Build.0 = Debug|Any CPU
		{220A8C35-2C58-4AB5-B6D3-A32574F46070}.Debug|x64.ActiveCfg = Debug|Any CPU
		{220A8C35-2C58-4AB5-B6D3-A32574F46070}.Debug|x64.Build.0 = Debug|Any CPU
		{220A8C35-2C58-4AB5-B6D3-A32574F46070}.Debug|x86.ActiveCfg = Debug|Any CPU
		{220A8C35-2C58-4AB5-B6D3-A32574F46070}.Debug|x86.Build.0 = Debug|Any CPU
		{220A8C35-2C58-4AB5-B6D3-A32574F46070}.Release|Any CPU.ActiveCfg = Release|Any CPU
		{220A8C35-2C58-4AB5-B6D3-A32574F46070}.Release|Any CPU.Build.0 = Release|Any CPU
		{220A8C35-2C58-4AB5-B6D3-A32574F46070}.Release|x64.ActiveCfg = Release|Any CPU
		{220A8C35-2C58-4AB5-B6D3-A32574F46070}.Release|x64.Build.0 = Release|Any CPU
		{220A8C35-2C58-4AB5-B6D3-A32574F46070}.Release|x86.ActiveCfg = Release|Any CPU
		{220A8C35-2C58-4AB5-B6D3-A32574F46070}.Release|x86.Build.0 = Release|Any CPU
		{2767AECF-6801-4FE8-9A3B-27328DE89320}.Debug|Any CPU.ActiveCfg = Debug|Any CPU
		{2767AECF-6801-4FE8-9A3B-27328DE89320}.Debug|Any CPU.Build.0 = Debug|Any CPU
		{2767AECF-6801-4FE8-9A3B-27328DE89320}.Debug|x64.ActiveCfg = Debug|Any CPU
		{2767AECF-6801-4FE8-9A3B-27328DE89320}.Debug|x64.Build.0 = Debug|Any CPU
		{2767AECF-6801-4FE8-9A3B-27328DE89320}.Debug|x86.ActiveCfg = Debug|Any CPU
		{2767AECF-6801-4FE8-9A3B-27328DE89320}.Debug|x86.Build.0 = Debug|Any CPU
		{2767AECF-6801-4FE8-9A3B-27328DE89320}.Release|Any CPU.ActiveCfg = Release|Any CPU
		{2767AECF-6801-4FE8-9A3B-27328DE89320}.Release|Any CPU.Build.0 = Release|Any CPU
		{2767AECF-6801-4FE8-9A3B-27328DE89320}.Release|x64.ActiveCfg = Release|Any CPU
		{2767AECF-6801-4FE8-9A3B-27328DE89320}.Release|x64.Build.0 = Release|Any CPU
		{2767AECF-6801-4FE8-9A3B-27328DE89320}.Release|x86.ActiveCfg = Release|Any CPU
		{2767AECF-6801-4FE8-9A3B-27328DE89320}.Release|x86.Build.0 = Release|Any CPU
		{8D44C352-D510-48F4-B8A9-523484881C3C}.Debug|Any CPU.ActiveCfg = Debug|Any CPU
		{8D44C352-D510-48F4-B8A9-523484881C3C}.Debug|Any CPU.Build.0 = Debug|Any CPU
		{8D44C352-D510-48F4-B8A9-523484881C3C}.Debug|x64.ActiveCfg = Debug|Any CPU
		{8D44C352-D510-48F4-B8A9-523484881C3C}.Debug|x64.Build.0 = Debug|Any CPU
		{8D44C352-D510-48F4-B8A9-523484881C3C}.Debug|x86.ActiveCfg = Debug|Any CPU
		{8D44C352-D510-48F4-B8A9-523484881C3C}.Debug|x86.Build.0 = Debug|Any CPU
		{8D44C352-D510-48F4-B8A9-523484881C3C}.Release|Any CPU.ActiveCfg = Release|Any CPU
		{8D44C352-D510-48F4-B8A9-523484881C3C}.Release|Any CPU.Build.0 = Release|Any CPU
		{8D44C352-D510-48F4-B8A9-523484881C3C}.Release|x64.ActiveCfg = Release|Any CPU
		{8D44C352-D510-48F4-B8A9-523484881C3C}.Release|x64.Build.0 = Release|Any CPU
		{8D44C352-D510-48F4-B8A9-523484881C3C}.Release|x86.ActiveCfg = Release|Any CPU
		{8D44C352-D510-48F4-B8A9-523484881C3C}.Release|x86.Build.0 = Release|Any CPU
		{1D9F49B2-7CE2-44C5-8BEB-00C8E61295D2}.Debug|Any CPU.ActiveCfg = Debug|Any CPU
		{1D9F49B2-7CE2-44C5-8BEB-00C8E61295D2}.Debug|Any CPU.Build.0 = Debug|Any CPU
		{1D9F49B2-7CE2-44C5-8BEB-00C8E61295D2}.Debug|x64.ActiveCfg = Debug|Any CPU
		{1D9F49B2-7CE2-44C5-8BEB-00C8E61295D2}.Debug|x64.Build.0 = Debug|Any CPU
		{1D9F49B2-7CE2-44C5-8BEB-00C8E61295D2}.Debug|x86.ActiveCfg = Debug|Any CPU
		{1D9F49B2-7CE2-44C5-8BEB-00C8E61295D2}.Debug|x86.Build.0 = Debug|Any CPU
		{1D9F49B2-7CE2-44C5-8BEB-00C8E61295D2}.Release|Any CPU.ActiveCfg = Release|Any CPU
		{1D9F49B2-7CE2-44C5-8BEB-00C8E61295D2}.Release|Any CPU.Build.0 = Release|Any CPU
		{1D9F49B2-7CE2-44C5-8BEB-00C8E61295D2}.Release|x64.ActiveCfg = Release|Any CPU
		{1D9F49B2-7CE2-44C5-8BEB-00C8E61295D2}.Release|x64.Build.0 = Release|Any CPU
		{1D9F49B2-7CE2-44C5-8BEB-00C8E61295D2}.Release|x86.ActiveCfg = Release|Any CPU
		{1D9F49B2-7CE2-44C5-8BEB-00C8E61295D2}.Release|x86.Build.0 = Release|Any CPU
		{2A376969-3573-4260-B0C5-9B22A1B06651}.Debug|Any CPU.ActiveCfg = Debug|Any CPU
		{2A376969-3573-4260-B0C5-9B22A1B06651}.Debug|Any CPU.Build.0 = Debug|Any CPU
		{2A376969-3573-4260-B0C5-9B22A1B06651}.Debug|x64.ActiveCfg = Debug|Any CPU
		{2A376969-3573-4260-B0C5-9B22A1B06651}.Debug|x64.Build.0 = Debug|Any CPU
		{2A376969-3573-4260-B0C5-9B22A1B06651}.Debug|x86.ActiveCfg = Debug|Any CPU
		{2A376969-3573-4260-B0C5-9B22A1B06651}.Debug|x86.Build.0 = Debug|Any CPU
		{2A376969-3573-4260-B0C5-9B22A1B06651}.Release|Any CPU.ActiveCfg = Release|Any CPU
		{2A376969-3573-4260-B0C5-9B22A1B06651}.Release|Any CPU.Build.0 = Release|Any CPU
		{2A376969-3573-4260-B0C5-9B22A1B06651}.Release|x64.ActiveCfg = Release|Any CPU
		{2A376969-3573-4260-B0C5-9B22A1B06651}.Release|x64.Build.0 = Release|Any CPU
		{2A376969-3573-4260-B0C5-9B22A1B06651}.Release|x86.ActiveCfg = Release|Any CPU
		{2A376969-3573-4260-B0C5-9B22A1B06651}.Release|x86.Build.0 = Release|Any CPU
		{8B77D6FA-53A2-4C9B-BAC0-D2CF10EAA28D}.Debug|Any CPU.ActiveCfg = Debug|Any CPU
		{8B77D6FA-53A2-4C9B-BAC0-D2CF10EAA28D}.Debug|Any CPU.Build.0 = Debug|Any CPU
		{8B77D6FA-53A2-4C9B-BAC0-D2CF10EAA28D}.Debug|x64.ActiveCfg = Debug|Any CPU
		{8B77D6FA-53A2-4C9B-BAC0-D2CF10EAA28D}.Debug|x64.Build.0 = Debug|Any CPU
		{8B77D6FA-53A2-4C9B-BAC0-D2CF10EAA28D}.Debug|x86.ActiveCfg = Debug|Any CPU
		{8B77D6FA-53A2-4C9B-BAC0-D2CF10EAA28D}.Debug|x86.Build.0 = Debug|Any CPU
		{8B77D6FA-53A2-4C9B-BAC0-D2CF10EAA28D}.Release|Any CPU.ActiveCfg = Release|Any CPU
		{8B77D6FA-53A2-4C9B-BAC0-D2CF10EAA28D}.Release|Any CPU.Build.0 = Release|Any CPU
		{8B77D6FA-53A2-4C9B-BAC0-D2CF10EAA28D}.Release|x64.ActiveCfg = Release|Any CPU
		{8B77D6FA-53A2-4C9B-BAC0-D2CF10EAA28D}.Release|x64.Build.0 = Release|Any CPU
		{8B77D6FA-53A2-4C9B-BAC0-D2CF10EAA28D}.Release|x86.ActiveCfg = Release|Any CPU
		{8B77D6FA-53A2-4C9B-BAC0-D2CF10EAA28D}.Release|x86.Build.0 = Release|Any CPU
		{77A419E1-487F-47C3-BCD2-BF89D609F98E}.Debug|Any CPU.ActiveCfg = Debug|Any CPU
		{77A419E1-487F-47C3-BCD2-BF89D609F98E}.Debug|Any CPU.Build.0 = Debug|Any CPU
		{77A419E1-487F-47C3-BCD2-BF89D609F98E}.Debug|x64.ActiveCfg = Debug|Any CPU
		{77A419E1-487F-47C3-BCD2-BF89D609F98E}.Debug|x64.Build.0 = Debug|Any CPU
		{77A419E1-487F-47C3-BCD2-BF89D609F98E}.Debug|x86.ActiveCfg = Debug|Any CPU
		{77A419E1-487F-47C3-BCD2-BF89D609F98E}.Debug|x86.Build.0 = Debug|Any CPU
		{77A419E1-487F-47C3-BCD2-BF89D609F98E}.Release|Any CPU.ActiveCfg = Release|Any CPU
		{77A419E1-487F-47C3-BCD2-BF89D609F98E}.Release|Any CPU.Build.0 = Release|Any CPU
		{77A419E1-487F-47C3-BCD2-BF89D609F98E}.Release|x64.ActiveCfg = Release|Any CPU
		{77A419E1-487F-47C3-BCD2-BF89D609F98E}.Release|x64.Build.0 = Release|Any CPU
		{77A419E1-487F-47C3-BCD2-BF89D609F98E}.Release|x86.ActiveCfg = Release|Any CPU
		{77A419E1-487F-47C3-BCD2-BF89D609F98E}.Release|x86.Build.0 = Release|Any CPU
		{8C5C4DEE-2299-44A0-A83D-B14DCB6E0125}.Debug|Any CPU.ActiveCfg = Debug|Any CPU
		{8C5C4DEE-2299-44A0-A83D-B14DCB6E0125}.Debug|Any CPU.Build.0 = Debug|Any CPU
		{8C5C4DEE-2299-44A0-A83D-B14DCB6E0125}.Debug|x64.ActiveCfg = Debug|Any CPU
		{8C5C4DEE-2299-44A0-A83D-B14DCB6E0125}.Debug|x64.Build.0 = Debug|Any CPU
		{8C5C4DEE-2299-44A0-A83D-B14DCB6E0125}.Debug|x86.ActiveCfg = Debug|Any CPU
		{8C5C4DEE-2299-44A0-A83D-B14DCB6E0125}.Debug|x86.Build.0 = Debug|Any CPU
		{8C5C4DEE-2299-44A0-A83D-B14DCB6E0125}.Release|Any CPU.ActiveCfg = Release|Any CPU
		{8C5C4DEE-2299-44A0-A83D-B14DCB6E0125}.Release|Any CPU.Build.0 = Release|Any CPU
		{8C5C4DEE-2299-44A0-A83D-B14DCB6E0125}.Release|x64.ActiveCfg = Release|Any CPU
		{8C5C4DEE-2299-44A0-A83D-B14DCB6E0125}.Release|x64.Build.0 = Release|Any CPU
		{8C5C4DEE-2299-44A0-A83D-B14DCB6E0125}.Release|x86.ActiveCfg = Release|Any CPU
		{8C5C4DEE-2299-44A0-A83D-B14DCB6E0125}.Release|x86.Build.0 = Release|Any CPU
		{B5C090FF-2D19-42FE-B762-D0F5D4139C41}.Debug|Any CPU.ActiveCfg = Debug|Any CPU
		{B5C090FF-2D19-42FE-B762-D0F5D4139C41}.Debug|Any CPU.Build.0 = Debug|Any CPU
		{B5C090FF-2D19-42FE-B762-D0F5D4139C41}.Debug|x64.ActiveCfg = Debug|Any CPU
		{B5C090FF-2D19-42FE-B762-D0F5D4139C41}.Debug|x64.Build.0 = Debug|Any CPU
		{B5C090FF-2D19-42FE-B762-D0F5D4139C41}.Debug|x86.ActiveCfg = Debug|Any CPU
		{B5C090FF-2D19-42FE-B762-D0F5D4139C41}.Debug|x86.Build.0 = Debug|Any CPU
		{B5C090FF-2D19-42FE-B762-D0F5D4139C41}.Release|Any CPU.ActiveCfg = Release|Any CPU
		{B5C090FF-2D19-42FE-B762-D0F5D4139C41}.Release|Any CPU.Build.0 = Release|Any CPU
		{B5C090FF-2D19-42FE-B762-D0F5D4139C41}.Release|x64.ActiveCfg = Release|Any CPU
		{B5C090FF-2D19-42FE-B762-D0F5D4139C41}.Release|x64.Build.0 = Release|Any CPU
		{B5C090FF-2D19-42FE-B762-D0F5D4139C41}.Release|x86.ActiveCfg = Release|Any CPU
		{B5C090FF-2D19-42FE-B762-D0F5D4139C41}.Release|x86.Build.0 = Release|Any CPU
		{BFA2542B-7E6D-41FF-B30A-431AF9FF1012}.Debug|Any CPU.ActiveCfg = Debug|Any CPU
		{BFA2542B-7E6D-41FF-B30A-431AF9FF1012}.Debug|Any CPU.Build.0 = Debug|Any CPU
		{BFA2542B-7E6D-41FF-B30A-431AF9FF1012}.Debug|x64.ActiveCfg = Debug|Any CPU
		{BFA2542B-7E6D-41FF-B30A-431AF9FF1012}.Debug|x64.Build.0 = Debug|Any CPU
		{BFA2542B-7E6D-41FF-B30A-431AF9FF1012}.Debug|x86.ActiveCfg = Debug|Any CPU
		{BFA2542B-7E6D-41FF-B30A-431AF9FF1012}.Debug|x86.Build.0 = Debug|Any CPU
		{BFA2542B-7E6D-41FF-B30A-431AF9FF1012}.Release|Any CPU.ActiveCfg = Release|Any CPU
		{BFA2542B-7E6D-41FF-B30A-431AF9FF1012}.Release|Any CPU.Build.0 = Release|Any CPU
		{BFA2542B-7E6D-41FF-B30A-431AF9FF1012}.Release|x64.ActiveCfg = Release|Any CPU
		{BFA2542B-7E6D-41FF-B30A-431AF9FF1012}.Release|x64.Build.0 = Release|Any CPU
		{BFA2542B-7E6D-41FF-B30A-431AF9FF1012}.Release|x86.ActiveCfg = Release|Any CPU
		{BFA2542B-7E6D-41FF-B30A-431AF9FF1012}.Release|x86.Build.0 = Release|Any CPU
		{C68A4C94-673A-4FF8-BB15-E3349FDD6D0C}.Debug|Any CPU.ActiveCfg = Debug|Any CPU
		{C68A4C94-673A-4FF8-BB15-E3349FDD6D0C}.Debug|Any CPU.Build.0 = Debug|Any CPU
		{C68A4C94-673A-4FF8-BB15-E3349FDD6D0C}.Debug|x64.ActiveCfg = Debug|Any CPU
		{C68A4C94-673A-4FF8-BB15-E3349FDD6D0C}.Debug|x64.Build.0 = Debug|Any CPU
		{C68A4C94-673A-4FF8-BB15-E3349FDD6D0C}.Debug|x86.ActiveCfg = Debug|Any CPU
		{C68A4C94-673A-4FF8-BB15-E3349FDD6D0C}.Debug|x86.Build.0 = Debug|Any CPU
		{C68A4C94-673A-4FF8-BB15-E3349FDD6D0C}.Release|Any CPU.ActiveCfg = Release|Any CPU
		{C68A4C94-673A-4FF8-BB15-E3349FDD6D0C}.Release|Any CPU.Build.0 = Release|Any CPU
		{C68A4C94-673A-4FF8-BB15-E3349FDD6D0C}.Release|x64.ActiveCfg = Release|Any CPU
		{C68A4C94-673A-4FF8-BB15-E3349FDD6D0C}.Release|x64.Build.0 = Release|Any CPU
		{C68A4C94-673A-4FF8-BB15-E3349FDD6D0C}.Release|x86.ActiveCfg = Release|Any CPU
		{C68A4C94-673A-4FF8-BB15-E3349FDD6D0C}.Release|x86.Build.0 = Release|Any CPU
		{391C23A7-375C-4270-9FD3-B9CF451A137E}.Debug|Any CPU.ActiveCfg = Debug|Any CPU
		{391C23A7-375C-4270-9FD3-B9CF451A137E}.Debug|Any CPU.Build.0 = Debug|Any CPU
		{391C23A7-375C-4270-9FD3-B9CF451A137E}.Debug|x64.ActiveCfg = Debug|Any CPU
		{391C23A7-375C-4270-9FD3-B9CF451A137E}.Debug|x64.Build.0 = Debug|Any CPU
		{391C23A7-375C-4270-9FD3-B9CF451A137E}.Debug|x86.ActiveCfg = Debug|Any CPU
		{391C23A7-375C-4270-9FD3-B9CF451A137E}.Debug|x86.Build.0 = Debug|Any CPU
		{391C23A7-375C-4270-9FD3-B9CF451A137E}.Release|Any CPU.ActiveCfg = Release|Any CPU
		{391C23A7-375C-4270-9FD3-B9CF451A137E}.Release|Any CPU.Build.0 = Release|Any CPU
		{391C23A7-375C-4270-9FD3-B9CF451A137E}.Release|x64.ActiveCfg = Release|Any CPU
		{391C23A7-375C-4270-9FD3-B9CF451A137E}.Release|x64.Build.0 = Release|Any CPU
		{391C23A7-375C-4270-9FD3-B9CF451A137E}.Release|x86.ActiveCfg = Release|Any CPU
		{391C23A7-375C-4270-9FD3-B9CF451A137E}.Release|x86.Build.0 = Release|Any CPU
		{AF87D5FF-E83E-4889-B77B-E0BB454049E3}.Debug|Any CPU.ActiveCfg = Debug|Any CPU
		{AF87D5FF-E83E-4889-B77B-E0BB454049E3}.Debug|Any CPU.Build.0 = Debug|Any CPU
		{AF87D5FF-E83E-4889-B77B-E0BB454049E3}.Debug|x64.ActiveCfg = Debug|Any CPU
		{AF87D5FF-E83E-4889-B77B-E0BB454049E3}.Debug|x64.Build.0 = Debug|Any CPU
		{AF87D5FF-E83E-4889-B77B-E0BB454049E3}.Debug|x86.ActiveCfg = Debug|Any CPU
		{AF87D5FF-E83E-4889-B77B-E0BB454049E3}.Debug|x86.Build.0 = Debug|Any CPU
		{AF87D5FF-E83E-4889-B77B-E0BB454049E3}.Release|Any CPU.ActiveCfg = Release|Any CPU
		{AF87D5FF-E83E-4889-B77B-E0BB454049E3}.Release|Any CPU.Build.0 = Release|Any CPU
		{AF87D5FF-E83E-4889-B77B-E0BB454049E3}.Release|x64.ActiveCfg = Release|Any CPU
		{AF87D5FF-E83E-4889-B77B-E0BB454049E3}.Release|x64.Build.0 = Release|Any CPU
		{AF87D5FF-E83E-4889-B77B-E0BB454049E3}.Release|x86.ActiveCfg = Release|Any CPU
		{AF87D5FF-E83E-4889-B77B-E0BB454049E3}.Release|x86.Build.0 = Release|Any CPU
		{D8098593-BBCE-4DC7-BD2B-D8A0314811E6}.Debug|Any CPU.ActiveCfg = Debug|Any CPU
		{D8098593-BBCE-4DC7-BD2B-D8A0314811E6}.Debug|Any CPU.Build.0 = Debug|Any CPU
		{D8098593-BBCE-4DC7-BD2B-D8A0314811E6}.Debug|x64.ActiveCfg = Debug|Any CPU
		{D8098593-BBCE-4DC7-BD2B-D8A0314811E6}.Debug|x64.Build.0 = Debug|Any CPU
		{D8098593-BBCE-4DC7-BD2B-D8A0314811E6}.Debug|x86.ActiveCfg = Debug|Any CPU
		{D8098593-BBCE-4DC7-BD2B-D8A0314811E6}.Debug|x86.Build.0 = Debug|Any CPU
		{D8098593-BBCE-4DC7-BD2B-D8A0314811E6}.Release|Any CPU.ActiveCfg = Release|Any CPU
		{D8098593-BBCE-4DC7-BD2B-D8A0314811E6}.Release|Any CPU.Build.0 = Release|Any CPU
		{D8098593-BBCE-4DC7-BD2B-D8A0314811E6}.Release|x64.ActiveCfg = Release|Any CPU
		{D8098593-BBCE-4DC7-BD2B-D8A0314811E6}.Release|x64.Build.0 = Release|Any CPU
		{D8098593-BBCE-4DC7-BD2B-D8A0314811E6}.Release|x86.ActiveCfg = Release|Any CPU
		{D8098593-BBCE-4DC7-BD2B-D8A0314811E6}.Release|x86.Build.0 = Release|Any CPU
	EndGlobalSection
	GlobalSection(SolutionProperties) = preSolution
		HideSolutionNode = FALSE
	EndGlobalSection
	GlobalSection(NestedProjects) = preSolution
		{C68A4C94-673A-4FF8-BB15-E3349FDD6D0C} = {8B064682-D6AF-41F9-BF7E-D8D122A649EB}
		{391C23A7-375C-4270-9FD3-B9CF451A137E} = {8B064682-D6AF-41F9-BF7E-D8D122A649EB}
		{AF87D5FF-E83E-4889-B77B-E0BB454049E3} = {8B064682-D6AF-41F9-BF7E-D8D122A649EB}
	EndGlobalSection
	GlobalSection(ExtensibilityGlobals) = postSolution
		SolutionGuid = {595122F7-5394-43BD-8FA8-A6E1CBC9545C}
	EndGlobalSection
EndGlobal
